{
  "name": "pm2-offline-installer",
  "version": "1.0.0",
  "lockfileVersion": 1,
  "requires": true,
  "dependencies": {
    "run-script-os": {
      "version": "1.0.7",
      "resolved": "https://registry.npmjs.org/run-script-os/-/run-script-os-1.0.7.tgz",
      "integrity": "sha512-H4NAhP9PiseQQm3Vpen7CHksfKGqC4dmwoVu/9th97r3XyBrMtkg4jIUiy/8dgzuI9MGwmK/7vf13Wncx+Y4bw=="
    }
  }
}
